
Microsoft Visual Studio Solution File, Format Version 12.00
# Visual Studio Version 17
VisualStudioVersion = 17.9.34723.18
MinimumVisualStudioVersion = 10.0.40219.1
Project("{9A19103F-16F7-4668-BE54-9A1E7A4F7556}") = "FynosAPI", "FynosAPI\FynosAPI.csproj", "{19BC770A-BA26-4EF5-ADDB-FCE72DEC85D3}"
EndProject
Project("{E53339B2-1760-4266-BCC7-CA923CBCF16C}") = "docker-compose", "docker-compose.dcproj", "{2DBF4488-4820-45EB-8B85-0834E4FB451F}"
EndProject
Global
	GlobalSection(SolutionConfigurationPlatforms) = preSolution
		Debug|Any CPU = Debug|Any CPU
		Release|Any CPU = Release|Any CPU
	EndGlobalSection
	GlobalSection(ProjectConfigurationPlatforms) = postSolution
		{19BC770A-BA26-4EF5-ADDB-FCE72DEC85D3}.Debug|Any CPU.ActiveCfg = Debug|Any CPU
		{19BC770A-BA26-4EF5-ADDB-FCE72DEC85D3}.Debug|Any CPU.Build.0 = Debug|Any CPU
		{19BC770A-BA26-4EF5-ADDB-FCE72DEC85D3}.Release|Any CPU.ActiveCfg = Release|Any CPU
		{19BC770A-BA26-4EF5-ADDB-FCE72DEC85D3}.Release|Any CPU.Build.0 = Release|Any CPU
		{2DBF4488-4820-45EB-8B85-0834E4FB451F}.Debug|Any CPU.ActiveCfg = Debug|Any CPU
		{2DBF4488-4820-45EB-8B85-0834E4FB451F}.Debug|Any CPU.Build.0 = Debug|Any CPU
		{2DBF4488-4820-45EB-8B85-0834E4FB451F}.Release|Any CPU.ActiveCfg = Release|Any CPU
		{2DBF4488-4820-45EB-8B85-0834E4FB451F}.Release|Any CPU.Build.0 = Release|Any CPU
	EndGlobalSection
	GlobalSection(SolutionProperties) = preSolution
		HideSolutionNode = FALSE
	EndGlobalSection
	GlobalSection(ExtensibilityGlobals) = postSolution
		SolutionGuid = {87777A48-B2C7-40A6-9B87-73BB11A43B89}
	EndGlobalSection
EndGlobal
